
Microsoft Visual Studio Solution File, Format Version 12.00
# Visual Studio Version 16
VisualStudioVersion = 16.0.29920.165
MinimumVisualStudioVersion = 10.0.40219.1
Project("{FAE04EC0-301F-11D3-BF4B-00C04F79EFBC}") = "Compress", "Compress\Compress.csproj", "{246E8795-BB50-4CA0-A96C-FDF100D77CC8}"
EndProject
Global
	GlobalSection(SolutionConfigurationPlatforms) = preSolution
		Debug|Any CPU = Debug|Any CPU
		Release|Any CPU = Release|Any CPU
	EndGlobalSection
	GlobalSection(ProjectConfigurationPlatforms) = postSolution
		{246E8795-BB50-4CA0-A96C-FDF100D77CC8}.Debug|Any CPU.ActiveCfg = Debug|Any CPU
		{246E8795-BB50-4CA0-A96C-FDF100D77CC8}.Debug|Any CPU.Build.0 = Debug|Any CPU
		{246E8795-BB50-4CA0-A96C-FDF100D77CC8}.Release|Any CPU.ActiveCfg = Release|Any CPU
		{246E8795-BB50-4CA0-A96C-FDF100D77CC8}.Release|Any CPU.Build.0 = Release|Any CPU
	EndGlobalSection
	GlobalSection(SolutionProperties) = preSolution
		HideSolutionNode = FALSE
	EndGlobalSection
	GlobalSection(ExtensibilityGlobals) = postSolution
		SolutionGuid = {D74FC331-FCD3-4195-92EC-5C78785C0810}
	EndGlobalSection
EndGlobal
